Microsoft Visual Studio Solution File, Format Version 9.00
# Visual Studio 2005
Project("{FAE04EC0-301F-11D3-BF4B-00C04F79EFBC}") = "q205071", "Q205071\q205071.csproj", "{02C39A4B-F6DF-4598-B75D-490BFC3CD7FE}"
EndProject
Global
	GlobalSection(SolutionConfigurationPlatforms) = preSolution
		Debug|Any CPU = Debug|Any CPU
		Release|Any CPU = Release|Any CPU
	EndGlobalSection
	GlobalSection(ProjectConfigurationPlatforms) = postSolution
		{02C39A4B-F6DF-4598-B75D-490BFC3CD7FE}.Debug|Any CPU.ActiveCfg = Debug|Any CPU
		{02C39A4B-F6DF-4598-B75D-490BFC3CD7FE}.Debug|Any CPU.Build.0 = Debug|Any CPU
		{02C39A4B-F6DF-4598-B75D-490BFC3CD7FE}.Release|Any CPU.ActiveCfg = Release|Any CPU
		{02C39A4B-F6DF-4598-B75D-490BFC3CD7FE}.Release|Any CPU.Build.0 = Release|Any CPU
	EndGlobalSection
	GlobalSection(SolutionProperties) = preSolution
		HideSolutionNode = FALSE
	EndGlobalSection
EndGlobal
